
Microsoft Visual Studio Solution File, Format Version 12.00
# Visual Studio Version 16
VisualStudioVersion = 16.0.31424.327
MinimumVisualStudioVersion = 10.0.40219.1
Project("{FAE04EC0-301F-11D3-BF4B-00C04F79EFBC}") = "Summator", "Summator\Summator.csproj", "{C31FA9E9-CDFD-41D5-8F2D-03D6B4CAA144}"
EndProject
Project("{FAE04EC0-301F-11D3-BF4B-00C04F79EFBC}") = "Summator.Tests", "Summator.Tests\Summator.Tests.csproj", "{304EDDBC-E054-4FD3-BB82-C95C31F90F8F}"
EndProject
Global
	GlobalSection(SolutionConfigurationPlatforms) = preSolution
		Debug|Any CPU = Debug|Any CPU
		Release|Any CPU = Release|Any CPU
	EndGlobalSection
	GlobalSection(ProjectConfigurationPlatforms) = postSolution
		{C31FA9E9-CDFD-41D5-8F2D-03D6B4CAA144}.Debug|Any CPU.ActiveCfg = Debug|Any CPU
		{C31FA9E9-CDFD-41D5-8F2D-03D6B4CAA144}.Debug|Any CPU.Build.0 = Debug|Any CPU
		{C31FA9E9-CDFD-41D5-8F2D-03D6B4CAA144}.Release|Any CPU.ActiveCfg = Release|Any CPU
		{C31FA9E9-CDFD-41D5-8F2D-03D6B4CAA144}.Release|Any CPU.Build.0 = Release|Any CPU
		{304EDDBC-E054-4FD3-BB82-C95C31F90F8F}.Debug|Any CPU.ActiveCfg = Debug|Any CPU
		{304EDDBC-E054-4FD3-BB82-C95C31F90F8F}.Debug|Any CPU.Build.0 = Debug|Any CPU
		{304EDDBC-E054-4FD3-BB82-C95C31F90F8F}.Release|Any CPU.ActiveCfg = Release|Any CPU
		{304EDDBC-E054-4FD3-BB82-C95C31F90F8F}.Release|Any CPU.Build.0 = Release|Any CPU
	EndGlobalSection
	GlobalSection(SolutionProperties) = preSolution
		HideSolutionNode = FALSE
	EndGlobalSection
	GlobalSection(ExtensibilityGlobals) = postSolution
		SolutionGuid = {D0FF7EB8-D293-407C-854A-3F47FCBB38C3}
	EndGlobalSection
EndGlobal
